
Microsoft Visual Studio Solution File, Format Version 12.00
# Visual Studio Version 16
VisualStudioVersion = 16.0.29215.179
MinimumVisualStudioVersion = 10.0.40219.1
Project("{FAE04EC0-301F-11D3-BF4B-00C04F79EFBC}") = "PixelSort", "PixelSort\PixelSort.csproj", "{5D4C9F1E-B191-410F-B9C5-7F487E08CC5D}"
EndProject
Global
	GlobalSection(SolutionConfigurationPlatforms) = preSolution
		Debug|Any CPU = Debug|Any CPU
		Release|Any CPU = Release|Any CPU
	EndGlobalSection
	GlobalSection(ProjectConfigurationPlatforms) = postSolution
		{5D4C9F1E-B191-410F-B9C5-7F487E08CC5D}.Debug|Any CPU.ActiveCfg = Debug|Any CPU
		{5D4C9F1E-B191-410F-B9C5-7F487E08CC5D}.Debug|Any CPU.Build.0 = Debug|Any CPU
		{5D4C9F1E-B191-410F-B9C5-7F487E08CC5D}.Release|Any CPU.ActiveCfg = Release|Any CPU
		{5D4C9F1E-B191-410F-B9C5-7F487E08CC5D}.Release|Any CPU.Build.0 = Release|Any CPU
	EndGlobalSection
	GlobalSection(SolutionProperties) = preSolution
		HideSolutionNode = FALSE
	EndGlobalSection
	GlobalSection(ExtensibilityGlobals) = postSolution
		SolutionGuid = {DDD3EC47-FCD3-42BC-9CC2-2DA9CE4147BB}
	EndGlobalSection
EndGlobal
